
Microsoft Visual Studio Solution File, Format Version 12.00
# Visual Studio Version 17
VisualStudioVersion = 17.5.33424.131
MinimumVisualStudioVersion = 10.0.40219.1
Project("{FAE04EC0-301F-11D3-BF4B-00C04F79EFBC}") = "DATOS", "DATOS\DATOS.csproj", "{F6D31E06-FFCB-46E4-AAC2-D3D9FAEDC51D}"
EndProject
Project("{FAE04EC0-301F-11D3-BF4B-00C04F79EFBC}") = "NEGOCIO", "NEGOCIO\NEGOCIO.csproj", "{C9B29B6D-F433-404C-ABB9-1F5230E8149A}"
EndProject
Project("{FAE04EC0-301F-11D3-BF4B-00C04F79EFBC}") = "PRESENTACIO", "PRESENTACIO\PRESENTACIO.csproj", "{6ADE5E97-6326-4814-8D60-3D73111C5429}"
EndProject
Global
	GlobalSection(SolutionConfigurationPlatforms) = preSolution
		Debug|Any CPU = Debug|Any CPU
		Release|Any CPU = Release|Any CPU
	EndGlobalSection
	GlobalSection(ProjectConfigurationPlatforms) = postSolution
		{F6D31E06-FFCB-46E4-AAC2-D3D9FAEDC51D}.Debug|Any CPU.ActiveCfg = Debug|Any CPU
		{F6D31E06-FFCB-46E4-AAC2-D3D9FAEDC51D}.Debug|Any CPU.Build.0 = Debug|Any CPU
		{F6D31E06-FFCB-46E4-AAC2-D3D9FAEDC51D}.Release|Any CPU.ActiveCfg = Release|Any CPU
		{F6D31E06-FFCB-46E4-AAC2-D3D9FAEDC51D}.Release|Any CPU.Build.0 = Release|Any CPU
		{C9B29B6D-F433-404C-ABB9-1F5230E8149A}.Debug|Any CPU.ActiveCfg = Debug|Any CPU
		{C9B29B6D-F433-404C-ABB9-1F5230E8149A}.Debug|Any CPU.Build.0 = Debug|Any CPU
		{C9B29B6D-F433-404C-ABB9-1F5230E8149A}.Release|Any CPU.ActiveCfg = Release|Any CPU
		{C9B29B6D-F433-404C-ABB9-1F5230E8149A}.Release|Any CPU.Build.0 = Release|Any CPU
		{6ADE5E97-6326-4814-8D60-3D73111C5429}.Debug|Any CPU.ActiveCfg = Debug|Any CPU
		{6ADE5E97-6326-4814-8D60-3D73111C5429}.Debug|Any CPU.Build.0 = Debug|Any CPU
		{6ADE5E97-6326-4814-8D60-3D73111C5429}.Release|Any CPU.ActiveCfg = Release|Any CPU
		{6ADE5E97-6326-4814-8D60-3D73111C5429}.Release|Any CPU.Build.0 = Release|Any CPU
	EndGlobalSection
	GlobalSection(SolutionProperties) = preSolution
		HideSolutionNode = FALSE
	EndGlobalSection
	GlobalSection(ExtensibilityGlobals) = postSolution
		SolutionGuid = {AC65C949-92FA-4A06-A9DD-2A40DFB5EE22}
	EndGlobalSection
EndGlobal
